Microsoft Visual Studio Solution File, Format Version 12.00
# Visual Studio Version 17
VisualStudioVersion = 17.0.31903.59
MinimumVisualStudioVersion = 10.0.40219.1
Project("{FAE04EC0-301F-11D3-BF4B-00C04F79EFBC}") = "IGNITE", "IGNITE\IGNITE.csproj", "{03C301C4-FD04-46BD-AD86-1E02078F5218}"
EndProject
Global
	GlobalSection(SolutionConfigurationPlatforms) = preSolution
		Debug|Any CPU = Debug|Any CPU
		Release|Any CPU = Release|Any CPU
	EndGlobalSection
	GlobalSection(ProjectConfigurationPlatforms) = postSolution
		{03C301C4-FD04-46BD-AD86-1E02078F5218}.Debug|Any CPU.ActiveCfg = Debug|AnyCPU
		{03C301C4-FD04-46BD-AD86-1E02078F5218}.Debug|Any CPU.Build.0 = Debug|AnyCPU
		{03C301C4-FD04-46BD-AD86-1E02078F5218}.Release|Any CPU.ActiveCfg = Release|AnyCPU
		{03C301C4-FD04-46BD-AD86-1E02078F5218}.Release|Any CPU.Build.0 = Release|AnyCPU
	EndGlobalSection
	GlobalSection(SolutionProperties) = preSolution
		HideSolutionNode = FALSE
	EndGlobalSection
EndGlobal
